# THIS IS AN AUTOGENERATED FILE. DO NOT EDIT THIS FILE DIRECTLY.
# yarn lockfile v1


"@types/jquery@^3.3.22":
  version "3.3.22"
  resolved "https://registry.yarnpkg.com/@types/jquery/-/jquery-3.3.22.tgz#cde55dc8f83207dffd16205b05f97ce824581735"
  integrity sha512-a4JDcIhJhHYnoWCkG3xT2CZxXZeA92JeREESorg0DMQ3ZsjuKF48h7XK4l5Gl2GRa/ItGRpKMT0pyK88yRgqXQ==
  dependencies:
    "@types/sizzle" "*"

"@types/seedrandom@^2.4.27":
  version "2.4.27"
  resolved "https://registry.yarnpkg.com/@types/seedrandom/-/seedrandom-2.4.27.tgz#9db563937dd86915f69092bc43259d2f48578e41"
  integrity sha1-nbVjk33YaRX2kJK8QyWdL0hXjkE=

"@types/sizzle@*":
  version "2.3.2"
  resolved "https://registry.yarnpkg.com/@types/sizzle/-/sizzle-2.3.2.tgz#a811b8c18e2babab7d542b3365887ae2e4d9de47"
  integrity sha512-7EJYyKTL7tFR8+gDbB6Wwz/arpGa0Mywk1TJbNzKzHtzbwVmY4HR9WqS5VV7dsBUKQmPNr192jHr/VpBluj/hg==
